
Microsoft Visual Studio Solution File, Format Version 12.00
# Visual Studio Version 16
VisualStudioVersion = 16.0.31613.86
MinimumVisualStudioVersion = 10.0.40219.1
Project("{FAE04EC0-301F-11D3-BF4B-00C04F79EFBC}") = "TxtEditor", "TxtEditor\TxtEditor.csproj", "{0BE3F077-9A03-485D-85FD-6531002C25B7}"
EndProject
Global
	GlobalSection(SolutionConfigurationPlatforms) = preSolution
		Debug|Any CPU = Debug|Any CPU
		Release|Any CPU = Release|Any CPU
	EndGlobalSection
	GlobalSection(ProjectConfigurationPlatforms) = postSolution
		{0BE3F077-9A03-485D-85FD-6531002C25B7}.Debug|Any CPU.ActiveCfg = Debug|Any CPU
		{0BE3F077-9A03-485D-85FD-6531002C25B7}.Debug|Any CPU.Build.0 = Debug|Any CPU
		{0BE3F077-9A03-485D-85FD-6531002C25B7}.Release|Any CPU.ActiveCfg = Release|Any CPU
		{0BE3F077-9A03-485D-85FD-6531002C25B7}.Release|Any CPU.Build.0 = Release|Any CPU
	EndGlobalSection
	GlobalSection(SolutionProperties) = preSolution
		HideSolutionNode = FALSE
	EndGlobalSection
	GlobalSection(ExtensibilityGlobals) = postSolution
		SolutionGuid = {7D4C638D-94C0-409B-8475-16FD2A19BB3F}
	EndGlobalSection
EndGlobal
